// !$*UTF8*$!
{
	archiveVersion = 1;
	classes = {
	};
	objectVersion = 46;
	objects = {

/* Begin PBXBuildFile section */
		3F44ECA21A16BE2300C0B36F /* Foundation.framework in Frameworks */ = {isa = PBXBuildFile; fileRef = 3F44ECA11A16BE2300C0B36F /* Foundation.framework */; };
		3F44ECA41A16BE2300C0B36F /* CoreGraphics.framework in Frameworks */ = {isa = PBXBuildFile; fileRef = 3F44ECA31A16BE2300C0B36F /* CoreGraphics.framework */; };
		3F44ECA61A16BE2300C0B36F /* UIKit.framework in Frameworks */ = {isa = PBXBuildFile; fileRef = 3F44ECA51A16BE2300C0B36F /* UIKit.framework */; };
		3F44ECAC1A16BE2300C0B36F /* InfoPlist.strings in Resources */ = {isa = PBXBuildFile; fileRef = 3F44ECAA1A16BE2300C0B36F /* InfoPlist.strings */; };
		3F44ECAE1A16BE2300C0B36F /* main.m in Sources */ = {isa = PBXBuildFile; fileRef = 3F44ECAD1A16BE2300C0B36F /* main.m */; };
		3F44ECB21A16BE2300C0B36F /* sqliteAppDelegate.m in Sources */ = {isa = PBXBuildFile; fileRef = 3F44ECB11A16BE2300C0B36F /* sqliteAppDelegate.m */; };
		3F44ECB51A16BE2300C0B36F /* Main.storyboard in Resources */ = {isa = PBXBuildFile; fileRef = 3F44ECB31A16BE2300C0B36F /* Main.storyboard */; };
		3F44ECB81A16BE2300C0B36F /* sqliteViewController.m in Sources */ = {isa = PBXBuildFile; fileRef = 3F44ECB71A16BE2300C0B36F /* sqliteViewController.m */; };
		3F44ECBA1A16BE2300C0B36F /* Images.xcassets in Resources */ = {isa = PBXBuildFile; fileRef = 3F44ECB91A16BE2300C0B36F /* Images.xcassets */; };
		3F44ECC11A16BE2300C0B36F /* XCTest.framework in Frameworks */ = {isa = PBXBuildFile; fileRef = 3F44ECC01A16BE2300C0B36F /* XCTest.framework */; };
		3F44ECC21A16BE2300C0B36F /* Foundation.framework in Frameworks */ = {isa = PBXBuildFile; fileRef = 3F44ECA11A16BE2300C0B36F /* Foundation.framework */; };
		3F44ECC31A16BE2300C0B36F /* UIKit.framework in Frameworks */ = {isa = PBXBuildFile; fileRef = 3F44ECA51A16BE2300C0B36F /* UIKit.framework */; };
		3F44ECCB1A16BE2300C0B36F /* InfoPlist.strings in Resources */ = {isa = PBXBuildFile; fileRef = 3F44ECC91A16BE2300C0B36F /* InfoPlist.strings */; };
		3F44ECCD1A16BE2300C0B36F /* SQLiteExampleTests.m in Sources */ = {isa = PBXBuildFile; fileRef = 3F44ECCC1A16BE2300C0B36F /* SQLiteExampleTests.m */; };
		3F44ECD71A16BE8300C0B36F /* libsqlite3.dylib in Frameworks */ = {isa = PBXBuildFile; fileRef = 3F44ECD61A16BE8300C0B36F /* libsqlite3.dylib */; };
/* End PBXBuildFile section */

/* Begin PBXContainerItemProxy section */
		3F44ECC41A16BE2300C0B36F /* PBXContainerItemProxy */ = {
			isa = PBXContainerItemProxy;
			containerPortal = 3F44EC961A16BE2300C0B36F /* Project object */;
			proxyType = 1;
			remoteGlobalIDString = 3F44EC9D1A16BE2300C0B36F;
			remoteInfo = SQLiteExample;
		};
/* End PBXContainerItemProxy section */

/* Begin PBXFileReference section */
		3F44EC9E1A16BE2300C0B36F /* SQLiteExample.app */ = {isa = PBXFileReference; explicitFileType = wrapper.application; includeInIndex = 0; path = SQLiteExample.app; sourceTree = BUILT_PRODUCTS_DIR; };
		3F44ECA11A16BE2300C0B36F /* Foundation.framework */ = {isa = PBXFileReference; lastKnownFileType = wrapper.framework; name = Foundation.framework; path = System/Library/Frameworks/Foundation.framework; sourceTree = SDKROOT; };
		3F44ECA31A16BE2300C0B36F /* CoreGraphics.framework */ = {isa = PBXFileReference; lastKnownFileType = wrapper.framework; name = CoreGraphics.framework; path = System/Library/Frameworks/CoreGraphics.framework; sourceTree = SDKROOT; };
		3F44ECA51A16BE2300C0B36F /* UIKit.framework */ = {isa = PBXFileReference; lastKnownFileType = wrapper.framework; name = UIKit.framework; path = System/Library/Frameworks/UIKit.framework; sourceTree = SDKROOT; };
		3F44ECA91A16BE2300C0B36F /* SQLiteExample-Info.plist */ = {isa = PBXFileReference; lastKnownFileType = text.plist.xml; path = "SQLiteExample-Info.plist"; sourceTree = "<group>"; };
		3F44ECAB1A16BE2300C0B36F /* en */ = {isa = PBXFileReference; lastKnownFileType = text.plist.strings; name = en; path = en.lproj/InfoPlist.strings; sourceTree = "<group>"; };
		3F44ECAD1A16BE2300C0B36F /* main.m */ = {isa = PBXFileReference; lastKnownFileType = sourcecode.c.objc; path = main.m; sourceTree = "<group>"; };
		3F44ECAF1A16BE2300C0B36F /* SQLiteExample-Prefix.pch */ = {isa = PBXFileReference; lastKnownFileType = sourcecode.c.h; path = "SQLiteExample-Prefix.pch"; sourceTree = "<group>"; };
		3F44ECB01A16BE2300C0B36F /* sqliteAppDelegate.h */ = {isa = PBXFileReference; lastKnownFileType = sourcecode.c.h; path = sqliteAppDelegate.h; sourceTree = "<group>"; };
		3F44ECB11A16BE2300C0B36F /* sqliteAppDelegate.m */ = {isa = PBXFileReference; lastKnownFileType = sourcecode.c.objc; path = sqliteAppDelegate.m; sourceTree = "<group>"; };
		3F44ECB41A16BE2300C0B36F /* Base */ = {isa = PBXFileReference; lastKnownFileType = file.storyboard; name = Base; path = Base.lproj/Main.storyboard; sourceTree = "<group>"; };
		3F44ECB61A16BE2300C0B36F /* sqliteViewController.h */ = {isa = PBXFileReference; lastKnownFileType = sourcecode.c.h; path = sqliteViewController.h; sourceTree = "<group>"; };
		3F44ECB71A16BE2300C0B36F /* sqliteViewController.m */ = {isa = PBXFileReference; lastKnownFileType = sourcecode.c.objc; path = sqliteViewController.m; sourceTree = "<group>"; };
		3F44ECB91A16BE2300C0B36F /* Images.xcassets */ = {isa = PBXFileReference; lastKnownFileType = folder.assetcatalog; path = Images.xcassets; sourceTree = "<group>"; };
		3F44ECBF1A16BE2300C0B36F /* SQLiteExampleTests.xctest */ = {isa = PBXFileReference; explicitFileType = wrapper.cfbundle; includeInIndex = 0; path = SQLiteExampleTests.xctest; sourceTree = BUILT_PRODUCTS_DIR; };
		3F44ECC01A16BE2300C0B36F /* XCTest.framework */ = {isa = PBXFileReference; lastKnownFileType = wrapper.framework; name = XCTest.framework; path = Library/Frameworks/XCTest.framework; sourceTree = DEVELOPER_DIR; };
		3F44ECC81A16BE2300C0B36F /* SQLiteExampleTests-Info.plist */ = {isa = PBXFileReference; lastKnownFileType = text.plist.xml; path = "SQLiteExampleTests-Info.plist"; sourceTree = "<group>"; };
		3F44ECCA1A16BE2300C0B36F /* en */ = {isa = PBXFileReference; lastKnownFileType = text.plist.strings; name = en; path = en.lproj/InfoPlist.strings; sourceTree = "<group>"; };
		3F44ECCC1A16BE2300C0B36F /* SQLiteExampleTests.m */ = {isa = PBXFileReference; lastKnownFileType = sourcecode.c.objc; path = SQLiteExampleTests.m; sourceTree = "<group>"; };
		3F44ECD61A16BE8300C0B36F /* libsqlite3.dylib */ = {isa = PBXFileReference; lastKnownFileType = "compiled.mach-o.dylib"; name = libsqlite3.dylib; path = usr/lib/libsqlite3.dylib; sourceTree = SDKROOT; };
/* End PBXFileReference section */

/* Begin PBXFrameworksBuildPhase section */
		3F44EC9B1A16BE2300C0B36F /* Frameworks */ = {
			isa = PBXFrameworksBuildPhase;
			buildActionMask = 2147483647;
			files = (
				3F44ECD71A16BE8300C0B36F /* libsqlite3.dylib in Frameworks */,
				3F44ECA41A16BE2300C0B36F /* CoreGraphics.framework in Frameworks */,
				3F44ECA61A16BE2300C0B36F /* UIKit.framework in Frameworks */,
				3F44ECA21A16BE2300C0B36F /* Foundation.framework in Frameworks */,
			);
			runOnlyForDeploymentPostprocessing = 0;
		};
		3F44ECBC1A16BE2300C0B36F /* Frameworks */ = {
			isa = PBXFrameworksBuildPhase;
			buildActionMask = 2147483647;
			files = (
				3F44ECC11A16BE2300C0B36F /* XCTest.framework in Frameworks */,
				3F44ECC31A16BE2300C0B36F /* UIKit.framework in Frameworks */,
				3F44ECC21A16BE2300C0B36F /* Foundation.framework in Frameworks */,
			);
			runOnlyForDeploymentPostprocessing = 0;
		};
/* End PBXFrameworksBuildPhase section */

/* Begin PBXGroup section */
		3F44EC951A16BE2300C0B36F = {
			isa = PBXGroup;
			children = (
				3F44ECA71A16BE2300C0B36F /* SQLiteExample */,
				3F44ECC61A16BE2300C0B36F /* SQLiteExampleTests */,
				3F44ECA01A16BE2300C0B36F /* Frameworks */,
				3F44EC9F1A16BE2300C0B36F /* Products */,
			);
			sourceTree = "<group>";
		};
		3F44EC9F1A16BE2300C0B36F /* Products */ = {
			isa = PBXGroup;
			children = (
				3F44EC9E1A16BE2300C0B36F /* SQLiteExample.app */,
				3F44ECBF1A16BE2300C0B36F /* SQLiteExampleTests.xctest */,
			);
			name = Products;
			sourceTree = "<group>";
		};
		3F44ECA01A16BE2300C0B36F /* Frameworks */ = {
			isa = PBXGroup;
			children = (
				3F44ECD61A16BE8300C0B36F /* libsqlite3.dylib */,
				3F44ECA11A16BE2300C0B36F /* Foundation.framework */,
				3F44ECA31A16BE2300C0B36F /* CoreGraphics.framework */,
				3F44ECA51A16BE2300C0B36F /* UIKit.framework */,
				3F44ECC01A16BE2300C0B36F /* XCTest.framework */,
			);
			name = Frameworks;
			sourceTree = "<group>";
		};
		3F44ECA71A16BE2300C0B36F /* SQLiteExample */ = {
			isa = PBXGroup;
			children = (
				3F44ECB01A16BE2300C0B36F /* sqliteAppDelegate.h */,
				3F44ECB11A16BE2300C0B36F /* sqliteAppDelegate.m */,
				3F44ECB31A16BE2300C0B36F /* Main.storyboard */,
				3F44ECB61A16BE2300C0B36F /* sqliteViewController.h */,
				3F44ECB71A16BE2300C0B36F /* sqliteViewController.m */,
				3F44ECB91A16BE2300C0B36F /* Images.xcassets */,
				3F44ECA81A16BE2300C0B36F /* Supporting Files */,
			);
			path = SQLiteExample;
			sourceTree = "<group>";
		};
		3F44ECA81A16BE2300C0B36F /* Supporting Files */ = {
			isa = PBXGroup;
			children = (
				3F44ECA91A16BE2300C0B36F /* SQLiteExample-Info.plist */,
				3F44ECAA1A16BE2300C0B36F /* InfoPlist.strings */,
				3F44ECAD1A16BE2300C0B36F /* main.m */,
				3F44ECAF1A16BE2300C0B36F /* SQLiteExample-Prefix.pch */,
			);
			name = "Supporting Files";
			sourceTree = "<group>";
		};
		3F44ECC61A16BE2300C0B36F /* SQLiteExampleTests */ = {
			isa = PBXGroup;
			children = (
				3F44ECCC1A16BE2300C0B36F /* SQLiteExampleTests.m */,
				3F44ECC71A16BE2300C0B36F /* Supporting Files */,
			);
			path = SQLiteExampleTests;
			sourceTree = "<group>";
		};
		3F44ECC71A16BE2300C0B36F /* Supporting Files */ = {
			isa = PBXGroup;
			children = (
				3F44ECC81A16BE2300C0B36F /* SQLiteExampleTests-Info.plist */,
				3F44ECC91A16BE2300C0B36F /* InfoPlist.strings */,
			);
			name = "Supporting Files";
			sourceTree = "<group>";
		};
/* End PBXGroup section */

/* Begin PBXNativeTarget section */
		3F44EC9D1A16BE2300C0B36F /* SQLiteExample */ = {
			isa = PBXNativeTarget;
			buildConfigurationList = 3F44ECD01A16BE2300C0B36F /* Build configuration list for PBXNativeTarget "SQLiteExample" */;
			buildPhases = (
				3F44EC9A1A16BE2300C0B36F /* Sources */,
				3F44EC9B1A16BE2300C0B36F /* Frameworks */,
				3F44EC9C1A16BE2300C0B36F /* Resources */,
			);
			buildRules = (
			);
			dependencies = (
			);
			name = SQLiteExample;
			productName = SQLiteExample;
			productReference = 3F44EC9E1A16BE2300C0B36F /* SQLiteExample.app */;
			productType = "com.apple.product-type.application";
		};
		3F44ECBE1A16BE2300C0B36F /* SQLiteExampleTests */ = {
			isa = PBXNativeTarget;
			buildConfigurationList = 3F44ECD31A16BE2300C0B36F /* Build configuration list for PBXNativeTarget "SQLiteExampleTests" */;
			buildPhases = (
				3F44ECBB1A16BE2300C0B36F /* Sources */,
				3F44ECBC1A16BE2300C0B36F /* Frameworks */,
				3F44ECBD1A16BE2300C0B36F /* Resources */,
			);
			buildRules = (
			);
			dependencies = (
				3F44ECC51A16BE2300C0B36F /* PBXTargetDependency */,
			);
			name = SQLiteExampleTests;
			productName = SQLiteExampleTests;
			productReference = 3F44ECBF1A16BE2300C0B36F /* SQLiteExampleTests.xctest */;
			productType = "com.apple.product-type.bundle.unit-test";
		};
/* End PBXNativeTarget section */

/* Begin PBXProject section */
		3F44EC961A16BE2300C0B36F /* Project object */ = {
			isa = PBXProject;
			attributes = {
				CLASSPREFIX = sqlite;
				LastUpgradeCheck = 0510;
				ORGANIZATIONNAME = ASU;
				TargetAttributes = {
					3F44ECBE1A16BE2300C0B36F = {
						TestTargetID = 3F44EC9D1A16BE2300C0B36F;
					};
				};
			};
			buildConfigurationList = 3F44EC991A16BE2300C0B36F /* Build configuration list for PBXProject "SQLiteExample" */;
			compatibilityVersion = "Xcode 3.2";
			developmentRegion = English;
			hasScannedForEncodings = 0;
			knownRegions = (
				en,
				Base,
			);
			mainGroup = 3F44EC951A16BE2300C0B36F;
			productRefGroup = 3F44EC9F1A16BE2300C0B36F /* Products */;
			projectDirPath = "";
			projectRoot = "";
			targets = (
				3F44EC9D1A16BE2300C0B36F /* SQLiteExample */,
				3F44ECBE1A16BE2300C0B36F /* SQLiteExampleTests */,
			);
		};
/* End PBXProject section */

/* Begin PBXResourcesBuildPhase section */
		3F44EC9C1A16BE2300C0B36F /* Resources */ = {
			isa = PBXResourcesBuildPhase;
			buildActionMask = 2147483647;
			files = (
				3F44ECBA1A16BE2300C0B36F /* Images.xcassets in Resources */,
				3F44ECAC1A16BE2300C0B36F /* InfoPlist.strings in Resources */,
				3F44ECB51A16BE2300C0B36F /* Main.storyboard in Resources */,
			);
			runOnlyForDeploymentPostprocessing = 0;
		};
		3F44ECBD1A16BE2300C0B36F /* Resources */ = {
			isa = PBXResourcesBuildPhase;
			buildActionMask = 2147483647;
			files = (
				3F44ECCB1A16BE2300C0B36F /* InfoPlist.strings in Resources */,
			);
			runOnlyForDeploymentPostprocessing = 0;
		};
/* End PBXResourcesBuildPhase section */

/* Begin PBXSourcesBuildPhase section */
		3F44EC9A1A16BE2300C0B36F /* Sources */ = {
			isa = PBXSourcesBuildPhase;
			buildActionMask = 2147483647;
			files = (
				3F44ECB81A16BE2300C0B36F /* sqliteViewController.m in Sources */,
				3F44ECB21A16BE2300C0B36F /* sqliteAppDelegate.m in Sources */,
				3F44ECAE1A16BE2300C0B36F /* main.m in Sources */,
			);
			runOnlyForDeploymentPostprocessing = 0;
		};
		3F44ECBB1A16BE2300C0B36F /* Sources */ = {
			isa = PBXSourcesBuildPhase;
			buildActionMask = 2147483647;
			files = (
				3F44ECCD1A16BE2300C0B36F /* SQLiteExampleTests.m in Sources */,
			);
			runOnlyForDeploymentPostprocessing = 0;
		};
/* End PBXSourcesBuildPhase section */

/* Begin PBXTargetDependency section */
		3F44ECC51A16BE2300C0B36F /* PBXTargetDependency */ = {
			isa = PBXTargetDependency;
			target = 3F44EC9D1A16BE2300C0B36F /* SQLiteExample */;
			targetProxy = 3F44ECC41A16BE2300C0B36F /* PBXContainerItemProxy */;
		};
/* End PBXTargetDependency section */

/* Begin PBXVariantGroup section */
		3F44ECAA1A16BE2300C0B36F /* InfoPlist.strings */ = {
			isa = PBXVariantGroup;
			children = (
				3F44ECAB1A16BE2300C0B36F /* en */,
			);
			name = InfoPlist.strings;
			sourceTree = "<group>";
		};
		3F44ECB31A16BE2300C0B36F /* Main.storyboard */ = {
			isa = PBXVariantGroup;
			children = (
				3F44ECB41A16BE2300C0B36F /* Base */,
			);
			name = Main.storyboard;
			sourceTree = "<group>";
		};
		3F44ECC91A16BE2300C0B36F /* InfoPlist.strings */ = {
			isa = PBXVariantGroup;
			children = (
				3F44ECCA1A16BE2300C0B36F /* en */,
			);
			name = InfoPlist.strings;
			sourceTree = "<group>";
		};
/* End PBXVariantGroup section */

/* Begin XCBuildConfiguration section */
		3F44ECCE1A16BE2300C0B36F /* Debug */ = {
			isa = XCBuildConfiguration;
			buildSettings = {
				ALWAYS_SEARCH_USER_PATHS = NO;
				CLANG_CXX_LANGUAGE_STANDARD = "gnu++0x";
				CLANG_CXX_LIBRARY = "libc++";
				CLANG_ENABLE_MODULES = YES;
				CLANG_ENABLE_OBJC_ARC = YES;
				CLANG_WARN_BOOL_CONVERSION = YES;
				CLANG_WARN_CONSTANT_CONVERSION = YES;
				CLANG_WARN_DIRECT_OBJC_ISA_USAGE = YES_ERROR;
				CLANG_WARN_EMPTY_BODY = YES;
				CLANG_WARN_ENUM_CONVERSION = YES;
				CLANG_WARN_INT_CONVERSION = YES;
				CLANG_WARN_OBJC_ROOT_CLASS = YES_ERROR;
				CLANG_WARN__DUPLICATE_METHOD_MATCH = YES;
				"CODE_SIGN_IDENTITY[sdk=iphoneos*]" = "iPhone Developer";
				COPY_PHASE_STRIP = NO;
				GCC_C_LANGUAGE_STANDARD = gnu99;
				GCC_DYNAMIC_NO_PIC = NO;
				GCC_OPTIMIZATION_LEVEL = 0;
				GCC_PREPROCESSOR_DEFINITIONS = (
					"DEBUG=1",
					"$(inherited)",
				);
				GCC_SYMBOLS_PRIVATE_EXTERN = NO;
				GCC_WARN_64_TO_32_BIT_CONVERSION = YES;
				GCC_WARN_ABOUT_RETURN_TYPE = YES_ERROR;
				GCC_WARN_UNDECLARED_SELECTOR = YES;
				GCC_WARN_UNINITIALIZED_AUTOS = YES_AGGRESSIVE;
				GCC_WARN_UNUSED_FUNCTION = YES;
				GCC_WARN_UNUSED_VARIABLE = YES;
				IPHONEOS_DEPLOYMENT_TARGET = 7.1;
				ONLY_ACTIVE_ARCH = YES;
				SDKROOT = iphoneos;
			};
			name = Debug;
		};
		3F44ECCF1A16BE2300C0B36F /* Release */ = {
			isa = XCBuildConfiguration;
			buildSettings = {
				ALWAYS_SEARCH_USER_PATHS = NO;
				CLANG_CXX_LANGUAGE_STANDARD = "gnu++0x";
				CLANG_CXX_LIBRARY = "libc++";
				CLANG_ENABLE_MODULES = YES;
				CLANG_ENABLE_OBJC_ARC = YES;
				CLANG_WARN_BOOL_CONVERSION = YES;
				CLANG_WARN_CONSTANT_CONVERSION = YES;
				CLANG_WARN_DIRECT_OBJC_ISA_USAGE = YES_ERROR;
				CLANG_WARN_EMPTY_BODY = YES;
				CLANG_WARN_ENUM_CONVERSION = YES;
				CLANG_WARN_INT_CONVERSION = YES;
				CLANG_WARN_OBJC_ROOT_CLASS = YES_ERROR;
				CLANG_WARN__DUPLICATE_METHOD_MATCH = YES;
				"CODE_SIGN_IDENTITY[sdk=iphoneos*]" = "iPhone Developer";
				COPY_PHASE_STRIP = YES;
				ENABLE_NS_ASSERTIONS = NO;
				GCC_C_LANGUAGE_STANDARD = gnu99;
				GCC_WARN_64_TO_32_BIT_CONVERSION = YES;
				GCC_WARN_ABOUT_RETURN_TYPE = YES_ERROR;
				GCC_WARN_UNDECLARED_SELECTOR = YES;
				GCC_WARN_UNINITIALIZED_AUTOS = YES_AGGRESSIVE;
				GCC_WARN_UNUSED_FUNCTION = YES;
				GCC_WARN_UNUSED_VARIABLE = YES;
				IPHONEOS_DEPLOYMENT_TARGET = 7.1;
				SDKROOT = iphoneos;
				VALIDATE_PRODUCT = YES;
			};
			name = Release;
		};
		3F44ECD11A16BE2300C0B36F /* Debug */ = {
			isa = XCBuildConfiguration;
			buildSettings = {
				ASSETCATALOG_COMPILER_APPICON_NAME = AppIcon;
				ASSETCATALOG_COMPILER_LAUNCHIMAGE_NAME = LaunchImage;
				GCC_PRECOMPILE_PREFIX_HEADER = YES;
				GCC_PREFIX_HEADER = "SQLiteExample/SQLiteExample-Prefix.pch";
				INFOPLIST_FILE = "SQLiteExample/SQLiteExample-Info.plist";
				PRODUCT_NAME = "$(TARGET_NAME)";
				WRAPPER_EXTENSION = app;
			};
			name = Debug;
		};
		3F44ECD21A16BE2300C0B36F /* Release */ = {
			isa = XCBuildConfiguration;
			buildSettings = {
				ASSETCATALOG_COMPILER_APPICON_NAME = AppIcon;
				ASSETCATALOG_COMPILER_LAUNCHIMAGE_NAME = LaunchImage;
				GCC_PRECOMPILE_PREFIX_HEADER = YES;
				GCC_PREFIX_HEADER = "SQLiteExample/SQLiteExample-Prefix.pch";
				INFOPLIST_FILE = "SQLiteExample/SQLiteExample-Info.plist";
				PRODUCT_NAME = "$(TARGET_NAME)";
				WRAPPER_EXTENSION = app;
			};
			name = Release;
		};
		3F44ECD41A16BE2300C0B36F /* Debug */ = {
			isa = XCBuildConfiguration;
			buildSettings = {
				BUNDLE_LOADER = "$(BUILT_PRODUCTS_DIR)/SQLiteExample.app/SQLiteExample";
				FRAMEWORK_SEARCH_PATHS = (
					"$(SDKROOT)/Developer/Library/Frameworks",
					"$(inherited)",
					"$(DEVELOPER_FRAMEWORKS_DIR)",
				);
				GCC_PRECOMPILE_PREFIX_HEADER = YES;
				GCC_PREFIX_HEADER = "SQLiteExample/SQLiteExample-Prefix.pch";
				GCC_PREPROCESSOR_DEFINITIONS = (
					"DEBUG=1",
					"$(inherited)",
				);
				INFOPLIST_FILE = "SQLiteExampleTests/SQLiteExampleTests-Info.plist";
				PRODUCT_NAME = "$(TARGET_NAME)";
				TEST_HOST = "$(BUNDLE_LOADER)";
				WRAPPER_EXTENSION = xctest;
			};
			name = Debug;
		};
		3F44ECD51A16BE2300C0B36F /* Release */ = {
			isa = XCBuildConfiguration;
			buildSettings = {
				BUNDLE_LOADER = "$(BUILT_PRODUCTS_DIR)/SQLiteExample.app/SQLiteExample";
				FRAMEWORK_SEARCH_PATHS = (
					"$(SDKROOT)/Developer/Library/Frameworks",
					"$(inherited)",
					"$(DEVELOPER_FRAMEWORKS_DIR)",
				);
				GCC_PRECOMPILE_PREFIX_HEADER = YES;
				GCC_PREFIX_HEADER = "SQLiteExample/SQLiteExample-Prefix.pch";
				INFOPLIST_FILE = "SQLiteExampleTests/SQLiteExampleTests-Info.plist";
				PRODUCT_NAME = "$(TARGET_NAME)";
				TEST_HOST = "$(BUNDLE_LOADER)";
				WRAPPER_EXTENSION = xctest;
			};
			name = Release;
		};
/* End XCBuildConfiguration section */

/* Begin XCConfigurationList section */
		3F44EC991A16BE2300C0B36F /* Build configuration list for PBXProject "SQLiteExample" */ = {
			isa = XCConfigurationList;
			buildConfigurations = (
				3F44ECCE1A16BE2300C0B36F /* Debug */,
				3F44ECCF1A16BE2300C0B36F /* Release */,
			);
			defaultConfigurationIsVisible = 0;
			defaultConfigurationName = Release;
		};
		3F44ECD01A16BE2300C0B36F /* Build configuration list for PBXNativeTarget "SQLiteExample" */ = {
			isa = XCConfigurationList;
			buildConfigurations = (
				3F44ECD11A16BE2300C0B36F /* Debug */,
				3F44ECD21A16BE2300C0B36F /* Release */,
			);
			defaultConfigurationIsVisible = 0;
		};
		3F44ECD31A16BE2300C0B36F /* Build configuration list for PBXNativeTarget "SQLiteExampleTests" */ = {
			isa = XCConfigurationList;
			buildConfigurations = (
				3F44ECD41A16BE2300C0B36F /* Debug */,
				3F44ECD51A16BE2300C0B36F /* Release */,
			);
			defaultConfigurationIsVisible = 0;
		};
/* End XCConfigurationList section */
	};
	rootObject = 3F44EC961A16BE2300C0B36F /* Project object */;
}
